
Microsoft Visual Studio Solution File, Format Version 12.00
# Visual Studio Version 17
VisualStudioVersion = 17.9.34728.123
MinimumVisualStudioVersion = 10.0.40219.1
Project("{9A19103F-16F7-4668-BE54-9A1E7A4F7556}") = "ex12_lambdas", "ex12_lambdas\ex12_lambdas.csproj", "{C9F7863A-181E-4A1E-8E9E-B9C64877E8D9}"
EndProject
Project("{9A19103F-16F7-4668-BE54-9A1E7A4F7556}") = "ex13_linqs", "ex13_linqs\ex13_linqs.csproj", "{1298B76F-190C-4C75-9153-BAF41D83303D}"
EndProject
Project("{9A19103F-16F7-4668-BE54-9A1E7A4F7556}") = "ex14_attributes", "ex14_attributes\ex14_attributes.csproj", "{047A3640-B3E8-4C64-84B4-64CA15F36194}"
EndProject
Project("{9A19103F-16F7-4668-BE54-9A1E7A4F7556}") = "ex15_pythons", "ex15_pythons\ex15_pythons.csproj", "{315A54BA-F7E0-4FBA-8A47-D49BB33EFAA6}"
EndProject
Project("{9A19103F-16F7-4668-BE54-9A1E7A4F7556}") = "ex16_winforms", "ex16_winforms\ex16_winforms.csproj", "{69836B25-B296-412C-875B-2FE98C909D8C}"
EndProject
Project("{FAE04EC0-301F-11D3-BF4B-00C04F79EFBC}") = "ex17_winApp", "ex17_winApp\ex17_winApp.csproj", "{6365DF15-2BB0-4F7D-B7DC-691711726BFF}"
EndProject
Global
	GlobalSection(SolutionConfigurationPlatforms) = preSolution
		Debug|Any CPU = Debug|Any CPU
		Release|Any CPU = Release|Any CPU
	EndGlobalSection
	GlobalSection(ProjectConfigurationPlatforms) = postSolution
		{C9F7863A-181E-4A1E-8E9E-B9C64877E8D9}.Debug|Any CPU.ActiveCfg = Debug|Any CPU
		{C9F7863A-181E-4A1E-8E9E-B9C64877E8D9}.Debug|Any CPU.Build.0 = Debug|Any CPU
		{C9F7863A-181E-4A1E-8E9E-B9C64877E8D9}.Release|Any CPU.ActiveCfg = Release|Any CPU
		{C9F7863A-181E-4A1E-8E9E-B9C64877E8D9}.Release|Any CPU.Build.0 = Release|Any CPU
		{1298B76F-190C-4C75-9153-BAF41D83303D}.Debug|Any CPU.ActiveCfg = Debug|Any CPU
		{1298B76F-190C-4C75-9153-BAF41D83303D}.Debug|Any CPU.Build.0 = Debug|Any CPU
		{1298B76F-190C-4C75-9153-BAF41D83303D}.Release|Any CPU.ActiveCfg = Release|Any CPU
		{1298B76F-190C-4C75-9153-BAF41D83303D}.Release|Any CPU.Build.0 = Release|Any CPU
		{047A3640-B3E8-4C64-84B4-64CA15F36194}.Debug|Any CPU.ActiveCfg = Debug|Any CPU
		{047A3640-B3E8-4C64-84B4-64CA15F36194}.Debug|Any CPU.Build.0 = Debug|Any CPU
		{047A3640-B3E8-4C64-84B4-64CA15F36194}.Release|Any CPU.ActiveCfg = Release|Any CPU
		{047A3640-B3E8-4C64-84B4-64CA15F36194}.Release|Any CPU.Build.0 = Release|Any CPU
		{315A54BA-F7E0-4FBA-8A47-D49BB33EFAA6}.Debug|Any CPU.ActiveCfg = Debug|Any CPU
		{315A54BA-F7E0-4FBA-8A47-D49BB33EFAA6}.Debug|Any CPU.Build.0 = Debug|Any CPU
		{315A54BA-F7E0-4FBA-8A47-D49BB33EFAA6}.Release|Any CPU.ActiveCfg = Release|Any CPU
		{315A54BA-F7E0-4FBA-8A47-D49BB33EFAA6}.Release|Any CPU.Build.0 = Release|Any CPU
		{69836B25-B296-412C-875B-2FE98C909D8C}.Debug|Any CPU.ActiveCfg = Debug|Any CPU
		{69836B25-B296-412C-875B-2FE98C909D8C}.Debug|Any CPU.Build.0 = Debug|Any CPU
		{69836B25-B296-412C-875B-2FE98C909D8C}.Release|Any CPU.ActiveCfg = Release|Any CPU
		{69836B25-B296-412C-875B-2FE98C909D8C}.Release|Any CPU.Build.0 = Release|Any CPU
		{6365DF15-2BB0-4F7D-B7DC-691711726BFF}.Debug|Any CPU.ActiveCfg = Debug|Any CPU
		{6365DF15-2BB0-4F7D-B7DC-691711726BFF}.Debug|Any CPU.Build.0 = Debug|Any CPU
		{6365DF15-2BB0-4F7D-B7DC-691711726BFF}.Release|Any CPU.ActiveCfg = Release|Any CPU
		{6365DF15-2BB0-4F7D-B7DC-691711726BFF}.Release|Any CPU.Build.0 = Release|Any CPU
	EndGlobalSection
	GlobalSection(SolutionProperties) = preSolution
		HideSolutionNode = FALSE
	EndGlobalSection
	GlobalSection(ExtensibilityGlobals) = postSolution
		SolutionGuid = {852DCD47-698C-4BD5-8E55-EF4CF1DCF35F}
	EndGlobalSection
EndGlobal
